// !$*UTF8*$!
{
	archiveVersion = 1;
	classes = {
	};
	objectVersion = 46;
	objects = {

/* Begin PBXBuildFile section */
		7F639A88191DA79800311D73 /* Foundation.framework in Frameworks */ = {isa = PBXBuildFile; fileRef = 7F639A87191DA79700311D73 /* Foundation.framework */; };
		7F639A8A191DA79800311D73 /* CoreGraphics.framework in Frameworks */ = {isa = PBXBuildFile; fileRef = 7F639A89191DA79800311D73 /* CoreGraphics.framework */; };
		7F639A8C191DA79800311D73 /* UIKit.framework in Frameworks */ = {isa = PBXBuildFile; fileRef = 7F639A8B191DA79800311D73 /* UIKit.framework */; };
		7F639A92191DA79800311D73 /* InfoPlist.strings in Resources */ = {isa = PBXBuildFile; fileRef = 7F639A90191DA79800311D73 /* InfoPlist.strings */; };
		7F639A94191DA79800311D73 /* main.m in Sources */ = {isa = PBXBuildFile; fileRef = 7F639A93191DA79800311D73 /* main.m */; };
		7F639A98191DA79800311D73 /* BananaAppDelegate.m in Sources */ = {isa = PBXBuildFile; fileRef = 7F639A97191DA79800311D73 /* BananaAppDelegate.m */; };
		7F639A9B191DA79800311D73 /* Main.storyboard in Resources */ = {isa = PBXBuildFile; fileRef = 7F639A99191DA79800311D73 /* Main.storyboard */; };
		7F639A9E191DA79800311D73 /* BananaViewController.m in Sources */ = {isa = PBXBuildFile; fileRef = 7F639A9D191DA79800311D73 /* BananaViewController.m */; };
		7F639AA0191DA79800311D73 /* Images.xcassets in Resources */ = {isa = PBXBuildFile; fileRef = 7F639A9F191DA79800311D73 /* Images.xcassets */; };
		7F639AA7191DA79800311D73 /* XCTest.framework in Frameworks */ = {isa = PBXBuildFile; fileRef = 7F639AA6191DA79800311D73 /* XCTest.framework */; };
		7F639AA8191DA79800311D73 /* Foundation.framework in Frameworks */ = {isa = PBXBuildFile; fileRef = 7F639A87191DA79700311D73 /* Foundation.framework */; };
		7F639AA9191DA79800311D73 /* UIKit.framework in Frameworks */ = {isa = PBXBuildFile; fileRef = 7F639A8B191DA79800311D73 /* UIKit.framework */; };
		7F639AB1191DA79800311D73 /* InfoPlist.strings in Resources */ = {isa = PBXBuildFile; fileRef = 7F639AAF191DA79800311D73 /* InfoPlist.strings */; };
		7F639AB3191DA79800311D73 /* RectangleTests.m in Sources */ = {isa = PBXBuildFile; fileRef = 7F639AB2191DA79800311D73 /* RectangleTests.m */; };
		7F639ABE191DA7F900311D73 /* Rectangle.m in Sources */ = {isa = PBXBuildFile; fileRef = 7F639ABD191DA7F900311D73 /* Rectangle.m */; };
/* End PBXBuildFile section */

/* Begin PBXContainerItemProxy section */
		7F639AAA191DA79800311D73 /* PBXContainerItemProxy */ = {
			isa = PBXContainerItemProxy;
			containerPortal = 7F639A7C191DA79700311D73 /* Project object */;
			proxyType = 1;
			remoteGlobalIDString = 7F639A83191DA79700311D73;
			remoteInfo = Rectangle;
		};
/* End PBXContainerItemProxy section */

/* Begin PBXFileReference section */
		7F639A84191DA79700311D73 /* Rectangle.app */ = {isa = PBXFileReference; explicitFileType = wrapper.application; includeInIndex = 0; path = Rectangle.app; sourceTree = BUILT_PRODUCTS_DIR; };
		7F639A87191DA79700311D73 /* Foundation.framework */ = {isa = PBXFileReference; lastKnownFileType = wrapper.framework; name = Foundation.framework; path = System/Library/Frameworks/Foundation.framework; sourceTree = SDKROOT; };
		7F639A89191DA79800311D73 /* CoreGraphics.framework */ = {isa = PBXFileReference; lastKnownFileType = wrapper.framework; name = CoreGraphics.framework; path = System/Library/Frameworks/CoreGraphics.framework; sourceTree = SDKROOT; };
		7F639A8B191DA79800311D73 /* UIKit.framework */ = {isa = PBXFileReference; lastKnownFileType = wrapper.framework; name = UIKit.framework; path = System/Library/Frameworks/UIKit.framework; sourceTree = SDKROOT; };
		7F639A8F191DA79800311D73 /* Rectangle-Info.plist */ = {isa = PBXFileReference; lastKnownFileType = text.plist.xml; path = "Rectangle-Info.plist"; sourceTree = "<group>"; };
		7F639A91191DA79800311D73 /* en */ = {isa = PBXFileReference; lastKnownFileType = text.plist.strings; name = en; path = en.lproj/InfoPlist.strings; sourceTree = "<group>"; };
		7F639A93191DA79800311D73 /* main.m */ = {isa = PBXFileReference; lastKnownFileType = sourcecode.c.objc; path = main.m; sourceTree = "<group>"; };
		7F639A95191DA79800311D73 /* Rectangle-Prefix.pch */ = {isa = PBXFileReference; lastKnownFileType = sourcecode.c.h; path = "Rectangle-Prefix.pch"; sourceTree = "<group>"; };
		7F639A96191DA79800311D73 /* BananaAppDelegate.h */ = {isa = PBXFileReference; lastKnownFileType = sourcecode.c.h; path = BananaAppDelegate.h; sourceTree = "<group>"; };
		7F639A97191DA79800311D73 /* BananaAppDelegate.m */ = {isa = PBXFileReference; lastKnownFileType = sourcecode.c.objc; path = BananaAppDelegate.m; sourceTree = "<group>"; };
		7F639A9A191DA79800311D73 /* Base */ = {isa = PBXFileReference; lastKnownFileType = file.storyboard; name = Base; path = Base.lproj/Main.storyboard; sourceTree = "<group>"; };
		7F639A9C191DA79800311D73 /* BananaViewController.h */ = {isa = PBXFileReference; lastKnownFileType = sourcecode.c.h; path = BananaViewController.h; sourceTree = "<group>"; };
		7F639A9D191DA79800311D73 /* BananaViewController.m */ = {isa = PBXFileReference; lastKnownFileType = sourcecode.c.objc; path = BananaViewController.m; sourceTree = "<group>"; };
		7F639A9F191DA79800311D73 /* Images.xcassets */ = {isa = PBXFileReference; lastKnownFileType = folder.assetcatalog; path = Images.xcassets; sourceTree = "<group>"; };
		7F639AA5191DA79800311D73 /* RectangleTests.xctest */ = {isa = PBXFileReference; explicitFileType = wrapper.cfbundle; includeInIndex = 0; path = RectangleTests.xctest; sourceTree = BUILT_PRODUCTS_DIR; };
		7F639AA6191DA79800311D73 /* XCTest.framework */ = {isa = PBXFileReference; lastKnownFileType = wrapper.framework; name = XCTest.framework; path = Library/Frameworks/XCTest.framework; sourceTree = DEVELOPER_DIR; };
		7F639AAE191DA79800311D73 /* RectangleTests-Info.plist */ = {isa = PBXFileReference; lastKnownFileType = text.plist.xml; path = "RectangleTests-Info.plist"; sourceTree = "<group>"; };
		7F639AB0191DA79800311D73 /* en */ = {isa = PBXFileReference; lastKnownFileType = text.plist.strings; name = en; path = en.lproj/InfoPlist.strings; sourceTree = "<group>"; };
		7F639AB2191DA79800311D73 /* RectangleTests.m */ = {isa = PBXFileReference; lastKnownFileType = sourcecode.c.objc; path = RectangleTests.m; sourceTree = "<group>"; };
		7F639ABC191DA7F900311D73 /* Rectangle.h */ = {isa = PBXFileReference; fileEncoding = 4; lastKnownFileType = sourcecode.c.h; path = Rectangle.h; sourceTree = "<group>"; };
		7F639ABD191DA7F900311D73 /* Rectangle.m */ = {isa = PBXFileReference; fileEncoding = 4; lastKnownFileType = sourcecode.c.objc; path = Rectangle.m; sourceTree = "<group>"; };
/* End PBXFileReference section */

/* Begin PBXFrameworksBuildPhase section */
		7F639A81191DA79700311D73 /* Frameworks */ = {
			isa = PBXFrameworksBuildPhase;
			buildActionMask = 2147483647;
			files = (
				7F639A8A191DA79800311D73 /* CoreGraphics.framework in Frameworks */,
				7F639A8C191DA79800311D73 /* UIKit.framework in Frameworks */,
				7F639A88191DA79800311D73 /* Foundation.framework in Frameworks */,
			);
			runOnlyForDeploymentPostprocessing = 0;
		};
		7F639AA2191DA79800311D73 /* Frameworks */ = {
			isa = PBXFrameworksBuildPhase;
			buildActionMask = 2147483647;
			files = (
				7F639AA7191DA79800311D73 /* XCTest.framework in Frameworks */,
				7F639AA9191DA79800311D73 /* UIKit.framework in Frameworks */,
				7F639AA8191DA79800311D73 /* Foundation.framework in Frameworks */,
			);
			runOnlyForDeploymentPostprocessing = 0;
		};
/* End PBXFrameworksBuildPhase section */

/* Begin PBXGroup section */
		7F639A7B191DA79700311D73 = {
			isa = PBXGroup;
			children = (
				7F639ABC191DA7F900311D73 /* Rectangle.h */,
				7F639ABD191DA7F900311D73 /* Rectangle.m */,
				7F639A8D191DA79800311D73 /* Rectangle */,
				7F639AAC191DA79800311D73 /* RectangleTests */,
				7F639A86191DA79700311D73 /* Frameworks */,
				7F639A85191DA79700311D73 /* Products */,
			);
			sourceTree = "<group>";
		};
		7F639A85191DA79700311D73 /* Products */ = {
			isa = PBXGroup;
			children = (
				7F639A84191DA79700311D73 /* Rectangle.app */,
				7F639AA5191DA79800311D73 /* RectangleTests.xctest */,
			);
			name = Products;
			sourceTree = "<group>";
		};
		7F639A86191DA79700311D73 /* Frameworks */ = {
			isa = PBXGroup;
			children = (
				7F639A87191DA79700311D73 /* Foundation.framework */,
				7F639A89191DA79800311D73 /* CoreGraphics.framework */,
				7F639A8B191DA79800311D73 /* UIKit.framework */,
				7F639AA6191DA79800311D73 /* XCTest.framework */,
			);
			name = Frameworks;
			sourceTree = "<group>";
		};
		7F639A8D191DA79800311D73 /* Rectangle */ = {
			isa = PBXGroup;
			children = (
				7F639A96191DA79800311D73 /* BananaAppDelegate.h */,
				7F639A97191DA79800311D73 /* BananaAppDelegate.m */,
				7F639A99191DA79800311D73 /* Main.storyboard */,
				7F639A9C191DA79800311D73 /* BananaViewController.h */,
				7F639A9D191DA79800311D73 /* BananaViewController.m */,
				7F639A9F191DA79800311D73 /* Images.xcassets */,
				7F639A8E191DA79800311D73 /* Supporting Files */,
			);
			path = Rectangle;
			sourceTree = "<group>";
		};
		7F639A8E191DA79800311D73 /* Supporting Files */ = {
			isa = PBXGroup;
			children = (
				7F639A8F191DA79800311D73 /* Rectangle-Info.plist */,
				7F639A90191DA79800311D73 /* InfoPlist.strings */,
				7F639A93191DA79800311D73 /* main.m */,
				7F639A95191DA79800311D73 /* Rectangle-Prefix.pch */,
			);
			name = "Supporting Files";
			sourceTree = "<group>";
		};
		7F639AAC191DA79800311D73 /* RectangleTests */ = {
			isa = PBXGroup;
			children = (
				7F639AB2191DA79800311D73 /* RectangleTests.m */,
				7F639AAD191DA79800311D73 /* Supporting Files */,
			);
			path = RectangleTests;
			sourceTree = "<group>";
		};
		7F639AAD191DA79800311D73 /* Supporting Files */ = {
			isa = PBXGroup;
			children = (
				7F639AAE191DA79800311D73 /* RectangleTests-Info.plist */,
				7F639AAF191DA79800311D73 /* InfoPlist.strings */,
			);
			name = "Supporting Files";
			sourceTree = "<group>";
		};
/* End PBXGroup section */

/* Begin PBXNativeTarget section */
		7F639A83191DA79700311D73 /* Rectangle */ = {
			isa = PBXNativeTarget;
			buildConfigurationList = 7F639AB6191DA79800311D73 /* Build configuration list for PBXNativeTarget "Rectangle" */;
			buildPhases = (
				7F639A80191DA79700311D73 /* Sources */,
				7F639A81191DA79700311D73 /* Frameworks */,
				7F639A82191DA79700311D73 /* Resources */,
			);
			buildRules = (
			);
			dependencies = (
			);
			name = Rectangle;
			productName = Rectangle;
			productReference = 7F639A84191DA79700311D73 /* Rectangle.app */;
			productType = "com.apple.product-type.application";
		};
		7F639AA4191DA79800311D73 /* RectangleTests */ = {
			isa = PBXNativeTarget;
			buildConfigurationList = 7F639AB9191DA79800311D73 /* Build configuration list for PBXNativeTarget "RectangleTests" */;
			buildPhases = (
				7F639AA1191DA79800311D73 /* Sources */,
				7F639AA2191DA79800311D73 /* Frameworks */,
				7F639AA3191DA79800311D73 /* Resources */,
			);
			buildRules = (
			);
			dependencies = (
				7F639AAB191DA79800311D73 /* PBXTargetDependency */,
			);
			name = RectangleTests;
			productName = RectangleTests;
			productReference = 7F639AA5191DA79800311D73 /* RectangleTests.xctest */;
			productType = "com.apple.product-type.bundle.unit-test";
		};
/* End PBXNativeTarget section */

/* Begin PBXProject section */
		7F639A7C191DA79700311D73 /* Project object */ = {
			isa = PBXProject;
			attributes = {
				CLASSPREFIX = Banana;
				LastUpgradeCheck = 0510;
				ORGANIZATIONNAME = "Banana Inc";
				TargetAttributes = {
					7F639AA4191DA79800311D73 = {
						TestTargetID = 7F639A83191DA79700311D73;
					};
				};
			};
			buildConfigurationList = 7F639A7F191DA79700311D73 /* Build configuration list for PBXProject "Rectangle" */;
			compatibilityVersion = "Xcode 3.2";
			developmentRegion = English;
			hasScannedForEncodings = 0;
			knownRegions = (
				en,
				Base,
			);
			mainGroup = 7F639A7B191DA79700311D73;
			productRefGroup = 7F639A85191DA79700311D73 /* Products */;
			projectDirPath = "";
			projectRoot = "";
			targets = (
				7F639A83191DA79700311D73 /* Rectangle */,
				7F639AA4191DA79800311D73 /* RectangleTests */,
			);
		};
/* End PBXProject section */

/* Begin PBXResourcesBuildPhase section */
		7F639A82191DA79700311D73 /* Resources */ = {
			isa = PBXResourcesBuildPhase;
			buildActionMask = 2147483647;
			files = (
				7F639AA0191DA79800311D73 /* Images.xcassets in Resources */,
				7F639A92191DA79800311D73 /* InfoPlist.strings in Resources */,
				7F639A9B191DA79800311D73 /* Main.storyboard in Resources */,
			);
			runOnlyForDeploymentPostprocessing = 0;
		};
		7F639AA3191DA79800311D73 /* Resources */ = {
			isa = PBXResourcesBuildPhase;
			buildActionMask = 2147483647;
			files = (
				7F639AB1191DA79800311D73 /* InfoPlist.strings in Resources */,
			);
			runOnlyForDeploymentPostprocessing = 0;
		};
/* End PBXResourcesBuildPhase section */

/* Begin PBXSourcesBuildPhase section */
		7F639A80191DA79700311D73 /* Sources */ = {
			isa = PBXSourcesBuildPhase;
			buildActionMask = 2147483647;
			files = (
				7F639A9E191DA79800311D73 /* BananaViewController.m in Sources */,
				7F639A94191DA79800311D73 /* main.m in Sources */,
				7F639A98191DA79800311D73 /* BananaAppDelegate.m in Sources */,
				7F639ABE191DA7F900311D73 /* Rectangle.m in Sources */,
			);
			runOnlyForDeploymentPostprocessing = 0;
		};
		7F639AA1191DA79800311D73 /* Sources */ = {
			isa = PBXSourcesBuildPhase;
			buildActionMask = 2147483647;
			files = (
				7F639AB3191DA79800311D73 /* RectangleTests.m in Sources */,
			);
			runOnlyForDeploymentPostprocessing = 0;
		};
/* End PBXSourcesBuildPhase section */

/* Begin PBXTargetDependency section */
		7F639AAB191DA79800311D73 /* PBXTargetDependency */ = {
			isa = PBXTargetDependency;
			target = 7F639A83191DA79700311D73 /* Rectangle */;
			targetProxy = 7F639AAA191DA79800311D73 /* PBXContainerItemProxy */;
		};
/* End PBXTargetDependency section */

/* Begin PBXVariantGroup section */
		7F639A90191DA79800311D73 /* InfoPlist.strings */ = {
			isa = PBXVariantGroup;
			children = (
				7F639A91191DA79800311D73 /* en */,
			);
			name = InfoPlist.strings;
			sourceTree = "<group>";
		};
		7F639A99191DA79800311D73 /* Main.storyboard */ = {
			isa = PBXVariantGroup;
			children = (
				7F639A9A191DA79800311D73 /* Base */,
			);
			name = Main.storyboard;
			sourceTree = "<group>";
		};
		7F639AAF191DA79800311D73 /* InfoPlist.strings */ = {
			isa = PBXVariantGroup;
			children = (
				7F639AB0191DA79800311D73 /* en */,
			);
			name = InfoPlist.strings;
			sourceTree = "<group>";
		};
/* End PBXVariantGroup section */

/* Begin XCBuildConfiguration section */
		7F639AB4191DA79800311D73 /* Debug */ = {
			isa = XCBuildConfiguration;
			buildSettings = {
				ALWAYS_SEARCH_USER_PATHS = NO;
				CLANG_CXX_LANGUAGE_STANDARD = "gnu++0x";
				CLANG_CXX_LIBRARY = "libc++";
				CLANG_ENABLE_MODULES = YES;
				CLANG_ENABLE_OBJC_ARC = YES;
				CLANG_WARN_BOOL_CONVERSION = YES;
				CLANG_WARN_CONSTANT_CONVERSION = YES;
				CLANG_WARN_DIRECT_OBJC_ISA_USAGE = YES_ERROR;
				CLANG_WARN_EMPTY_BODY = YES;
				CLANG_WARN_ENUM_CONVERSION = YES;
				CLANG_WARN_INT_CONVERSION = YES;
				CLANG_WARN_OBJC_ROOT_CLASS = YES_ERROR;
				CLANG_WARN__DUPLICATE_METHOD_MATCH = YES;
				"CODE_SIGN_IDENTITY[sdk=iphoneos*]" = "iPhone Developer";
				COPY_PHASE_STRIP = NO;
				GCC_C_LANGUAGE_STANDARD = gnu99;
				GCC_DYNAMIC_NO_PIC = NO;
				GCC_OPTIMIZATION_LEVEL = 0;
				GCC_PREPROCESSOR_DEFINITIONS = (
					"DEBUG=1",
					"$(inherited)",
				);
				GCC_SYMBOLS_PRIVATE_EXTERN = NO;
				GCC_WARN_64_TO_32_BIT_CONVERSION = YES;
				GCC_WARN_ABOUT_RETURN_TYPE = YES_ERROR;
				GCC_WARN_UNDECLARED_SELECTOR = YES;
				GCC_WARN_UNINITIALIZED_AUTOS = YES_AGGRESSIVE;
				GCC_WARN_UNUSED_FUNCTION = YES;
				GCC_WARN_UNUSED_VARIABLE = YES;
				IPHONEOS_DEPLOYMENT_TARGET = 7.1;
				ONLY_ACTIVE_ARCH = YES;
				SDKROOT = iphoneos;
			};
			name = Debug;
		};
		7F639AB5191DA79800311D73 /* Release */ = {
			isa = XCBuildConfiguration;
			buildSettings = {
				ALWAYS_SEARCH_USER_PATHS = NO;
				CLANG_CXX_LANGUAGE_STANDARD = "gnu++0x";
				CLANG_CXX_LIBRARY = "libc++";
				CLANG_ENABLE_MODULES = YES;
				CLANG_ENABLE_OBJC_ARC = YES;
				CLANG_WARN_BOOL_CONVERSION = YES;
				CLANG_WARN_CONSTANT_CONVERSION = YES;
				CLANG_WARN_DIRECT_OBJC_ISA_USAGE = YES_ERROR;
				CLANG_WARN_EMPTY_BODY = YES;
				CLANG_WARN_ENUM_CONVERSION = YES;
				CLANG_WARN_INT_CONVERSION = YES;
				CLANG_WARN_OBJC_ROOT_CLASS = YES_ERROR;
				CLANG_WARN__DUPLICATE_METHOD_MATCH = YES;
				"CODE_SIGN_IDENTITY[sdk=iphoneos*]" = "iPhone Developer";
				COPY_PHASE_STRIP = YES;
				ENABLE_NS_ASSERTIONS = NO;
				GCC_C_LANGUAGE_STANDARD = gnu99;
				GCC_WARN_64_TO_32_BIT_CONVERSION = YES;
				GCC_WARN_ABOUT_RETURN_TYPE = YES_ERROR;
				GCC_WARN_UNDECLARED_SELECTOR = YES;
				GCC_WARN_UNINITIALIZED_AUTOS = YES_AGGRESSIVE;
				GCC_WARN_UNUSED_FUNCTION = YES;
				GCC_WARN_UNUSED_VARIABLE = YES;
				IPHONEOS_DEPLOYMENT_TARGET = 7.1;
				SDKROOT = iphoneos;
				VALIDATE_PRODUCT = YES;
			};
			name = Release;
		};
		7F639AB7191DA79800311D73 /* Debug */ = {
			isa = XCBuildConfiguration;
			buildSettings = {
				ASSETCATALOG_COMPILER_APPICON_NAME = AppIcon;
				ASSETCATALOG_COMPILER_LAUNCHIMAGE_NAME = LaunchImage;
				GCC_PRECOMPILE_PREFIX_HEADER = YES;
				GCC_PREFIX_HEADER = "Rectangle/Rectangle-Prefix.pch";
				INFOPLIST_FILE = "Rectangle/Rectangle-Info.plist";
				PRODUCT_NAME = "$(TARGET_NAME)";
				WRAPPER_EXTENSION = app;
			};
			name = Debug;
		};
		7F639AB8191DA79800311D73 /* Release */ = {
			isa = XCBuildConfiguration;
			buildSettings = {
				ASSETCATALOG_COMPILER_APPICON_NAME = AppIcon;
				ASSETCATALOG_COMPILER_LAUNCHIMAGE_NAME = LaunchImage;
				GCC_PRECOMPILE_PREFIX_HEADER = YES;
				GCC_PREFIX_HEADER = "Rectangle/Rectangle-Prefix.pch";
				INFOPLIST_FILE = "Rectangle/Rectangle-Info.plist";
				PRODUCT_NAME = "$(TARGET_NAME)";
				WRAPPER_EXTENSION = app;
			};
			name = Release;
		};
		7F639ABA191DA79800311D73 /* Debug */ = {
			isa = XCBuildConfiguration;
			buildSettings = {
				BUNDLE_LOADER = "$(BUILT_PRODUCTS_DIR)/Rectangle.app/Rectangle";
				FRAMEWORK_SEARCH_PATHS = (
					"$(SDKROOT)/Developer/Library/Frameworks",
					"$(inherited)",
					"$(DEVELOPER_FRAMEWORKS_DIR)",
				);
				GCC_PRECOMPILE_PREFIX_HEADER = YES;
				GCC_PREFIX_HEADER = "Rectangle/Rectangle-Prefix.pch";
				GCC_PREPROCESSOR_DEFINITIONS = (
					"DEBUG=1",
					"$(inherited)",
				);
				INFOPLIST_FILE = "RectangleTests/RectangleTests-Info.plist";
				PRODUCT_NAME = "$(TARGET_NAME)";
				TEST_HOST = "$(BUNDLE_LOADER)";
				WRAPPER_EXTENSION = xctest;
			};
			name = Debug;
		};
		7F639ABB191DA79800311D73 /* Release */ = {
			isa = XCBuildConfiguration;
			buildSettings = {
				BUNDLE_LOADER = "$(BUILT_PRODUCTS_DIR)/Rectangle.app/Rectangle";
				FRAMEWORK_SEARCH_PATHS = (
					"$(SDKROOT)/Developer/Library/Frameworks",
					"$(inherited)",
					"$(DEVELOPER_FRAMEWORKS_DIR)",
				);
				GCC_PRECOMPILE_PREFIX_HEADER = YES;
				GCC_PREFIX_HEADER = "Rectangle/Rectangle-Prefix.pch";
				INFOPLIST_FILE = "RectangleTests/RectangleTests-Info.plist";
				PRODUCT_NAME = "$(TARGET_NAME)";
				TEST_HOST = "$(BUNDLE_LOADER)";
				WRAPPER_EXTENSION = xctest;
			};
			name = Release;
		};
/* End XCBuildConfiguration section */

/* Begin XCConfigurationList section */
		7F639A7F191DA79700311D73 /* Build configuration list for PBXProject "Rectangle" */ = {
			isa = XCConfigurationList;
			buildConfigurations = (
				7F639AB4191DA79800311D73 /* Debug */,
				7F639AB5191DA79800311D73 /* Release */,
			);
			defaultConfigurationIsVisible = 0;
			defaultConfigurationName = Release;
		};
		7F639AB6191DA79800311D73 /* Build configuration list for PBXNativeTarget "Rectangle" */ = {
			isa = XCConfigurationList;
			buildConfigurations = (
				7F639AB7191DA79800311D73 /* Debug */,
				7F639AB8191DA79800311D73 /* Release */,
			);
			defaultConfigurationIsVisible = 0;
		};
		7F639AB9191DA79800311D73 /* Build configuration list for PBXNativeTarget "RectangleTests" */ = {
			isa = XCConfigurationList;
			buildConfigurations = (
				7F639ABA191DA79800311D73 /* Debug */,
				7F639ABB191DA79800311D73 /* Release */,
			);
			defaultConfigurationIsVisible = 0;
		};
/* End XCConfigurationList section */
	};
	rootObject = 7F639A7C191DA79700311D73 /* Project object */;
}
